// !$*UTF8*$!
{
	archiveVersion = 1;
	classes = {
	};
	objectVersion = 56;
	objects = {

/* Begin PBXBuildFile section */
		CA128EC02A3B67F70076876D /* HomeViewModel.swift in Sources */ = {isa = PBXBuildFile; fileRef = CA128EBF2A3B67F70076876D /* HomeViewModel.swift */; };
		CA128EC22A3B68080076876D /* HomeView.swift in Sources */ = {isa = PBXBuildFile; fileRef = CA128EC12A3B68080076876D /* HomeView.swift */; };
		CA128EC52A3B6F530076876D /* DetailScreen.swift in Sources */ = {isa = PBXBuildFile; fileRef = CA128EC42A3B6F530076876D /* DetailScreen.swift */; };
		CA128EC72A3B77EC0076876D /* DetailViewModel.swift in Sources */ = {isa = PBXBuildFile; fileRef = CA128EC62A3B77EC0076876D /* DetailViewModel.swift */; };
		CA128ECB2A460E160076876D /* test.swift in Sources */ = {isa = PBXBuildFile; fileRef = CA128ECA2A460E160076876D /* test.swift */; };
		CA22721A2A63CA8700CEC8D9 /* NetworkService.swift in Sources */ = {isa = PBXBuildFile; fileRef = CA2272192A63CA8700CEC8D9 /* NetworkService.swift */; };
		CA22721D2A63CF0300CEC8D9 /* ImageDTO.swift in Sources */ = {isa = PBXBuildFile; fileRef = CA22721C2A63CF0300CEC8D9 /* ImageDTO.swift */; };
		CA9FF7C92A3B504D00F34CD0 /* PhotoViewerApp.swift in Sources */ = {isa = PBXBuildFile; fileRef = CA9FF7C82A3B504D00F34CD0 /* PhotoViewerApp.swift */; };
		CA9FF7CD2A3B504E00F34CD0 /* Assets.xcassets in Resources */ = {isa = PBXBuildFile; fileRef = CA9FF7CC2A3B504E00F34CD0 /* Assets.xcassets */; };
		CA9FF7D02A3B504E00F34CD0 /* Preview Assets.xcassets in Resources */ = {isa = PBXBuildFile; fileRef = CA9FF7CF2A3B504E00F34CD0 /* Preview Assets.xcassets */; };
		CA9FF7DA2A3B504F00F34CD0 /* PhotoViewerTests.swift in Sources */ = {isa = PBXBuildFile; fileRef = CA9FF7D92A3B504F00F34CD0 /* PhotoViewerTests.swift */; };
		CA9FF7E42A3B504F00F34CD0 /* PhotoViewerUITests.swift in Sources */ = {isa = PBXBuildFile; fileRef = CA9FF7E32A3B504F00F34CD0 /* PhotoViewerUITests.swift */; };
		CA9FF7E62A3B504F00F34CD0 /* PhotoViewerUITestsLaunchTests.swift in Sources */ = {isa = PBXBuildFile; fileRef = CA9FF7E52A3B504F00F34CD0 /* PhotoViewerUITestsLaunchTests.swift */; };
/* End PBXBuildFile section */

/* Begin PBXContainerItemProxy section */
		CA9FF7D62A3B504F00F34CD0 /* PBXContainerItemProxy */ = {
			isa = PBXContainerItemProxy;
			containerPortal = CA9FF7BD2A3B504D00F34CD0 /* Project object */;
			proxyType = 1;
			remoteGlobalIDString = CA9FF7C42A3B504D00F34CD0;
			remoteInfo = PhotoViewer;
		};
		CA9FF7E02A3B504F00F34CD0 /* PBXContainerItemProxy */ = {
			isa = PBXContainerItemProxy;
			containerPortal = CA9FF7BD2A3B504D00F34CD0 /* Project object */;
			proxyType = 1;
			remoteGlobalIDString = CA9FF7C42A3B504D00F34CD0;
			remoteInfo = PhotoViewer;
		};
/* End PBXContainerItemProxy section */

/* Begin PBXFileReference section */
		CA128EBF2A3B67F70076876D /* HomeViewModel.swift */ = {isa = PBXFileReference; lastKnownFileType = sourcecode.swift; path = HomeViewModel.swift; sourceTree = "<group>"; };
		CA128EC12A3B68080076876D /* HomeView.swift */ = {isa = PBXFileReference; lastKnownFileType = sourcecode.swift; path = HomeView.swift; sourceTree = "<group>"; };
		CA128EC42A3B6F530076876D /* DetailScreen.swift */ = {isa = PBXFileReference; lastKnownFileType = sourcecode.swift; path = DetailScreen.swift; sourceTree = "<group>"; };
		CA128EC62A3B77EC0076876D /* DetailViewModel.swift */ = {isa = PBXFileReference; lastKnownFileType = sourcecode.swift; path = DetailViewModel.swift; sourceTree = "<group>"; };
		CA128ECA2A460E160076876D /* test.swift */ = {isa = PBXFileReference; lastKnownFileType = sourcecode.swift; path = test.swift; sourceTree = "<group>"; };
		CA2272192A63CA8700CEC8D9 /* NetworkService.swift */ = {isa = PBXFileReference; lastKnownFileType = sourcecode.swift; path = NetworkService.swift; sourceTree = "<group>"; };
		CA22721C2A63CF0300CEC8D9 /* ImageDTO.swift */ = {isa = PBXFileReference; lastKnownFileType = sourcecode.swift; path = ImageDTO.swift; sourceTree = "<group>"; };
		CA9FF7C52A3B504D00F34CD0 /* PhotoViewer.app */ = {isa = PBXFileReference; explicitFileType = wrapper.application; includeInIndex = 0; path = PhotoViewer.app; sourceTree = BUILT_PRODUCTS_DIR; };
		CA9FF7C82A3B504D00F34CD0 /* PhotoViewerApp.swift */ = {isa = PBXFileReference; lastKnownFileType = sourcecode.swift; path = PhotoViewerApp.swift; sourceTree = "<group>"; };
		CA9FF7CC2A3B504E00F34CD0 /* Assets.xcassets */ = {isa = PBXFileReference; lastKnownFileType = folder.assetcatalog; path = Assets.xcassets; sourceTree = "<group>"; };
		CA9FF7CF2A3B504E00F34CD0 /* Preview Assets.xcassets */ = {isa = PBXFileReference; lastKnownFileType = folder.assetcatalog; path = "Preview Assets.xcassets"; sourceTree = "<group>"; };
		CA9FF7D52A3B504F00F34CD0 /* PhotoViewerTests.xctest */ = {isa = PBXFileReference; explicitFileType = wrapper.cfbundle; includeInIndex = 0; path = PhotoViewerTests.xctest; sourceTree = BUILT_PRODUCTS_DIR; };
		CA9FF7D92A3B504F00F34CD0 /* PhotoViewerTests.swift */ = {isa = PBXFileReference; lastKnownFileType = sourcecode.swift; path = PhotoViewerTests.swift; sourceTree = "<group>"; };
		CA9FF7DF2A3B504F00F34CD0 /* PhotoViewerUITests.xctest */ = {isa = PBXFileReference; explicitFileType = wrapper.cfbundle; includeInIndex = 0; path = PhotoViewerUITests.xctest; sourceTree = BUILT_PRODUCTS_DIR; };
		CA9FF7E32A3B504F00F34CD0 /* PhotoViewerUITests.swift */ = {isa = PBXFileReference; lastKnownFileType = sourcecode.swift; path = PhotoViewerUITests.swift; sourceTree = "<group>"; };
		CA9FF7E52A3B504F00F34CD0 /* PhotoViewerUITestsLaunchTests.swift */ = {isa = PBXFileReference; lastKnownFileType = sourcecode.swift; path = PhotoViewerUITestsLaunchTests.swift; sourceTree = "<group>"; };
/* End PBXFileReference section */

/* Begin PBXFrameworksBuildPhase section */
		CA9FF7C22A3B504D00F34CD0 /* Frameworks */ = {
			isa = PBXFrameworksBuildPhase;
			buildActionMask = 2147483647;
			files = (
			);
			runOnlyForDeploymentPostprocessing = 0;
		};
		CA9FF7D22A3B504F00F34CD0 /* Frameworks */ = {
			isa = PBXFrameworksBuildPhase;
			buildActionMask = 2147483647;
			files = (
			);
			runOnlyForDeploymentPostprocessing = 0;
		};
		CA9FF7DC2A3B504F00F34CD0 /* Frameworks */ = {
			isa = PBXFrameworksBuildPhase;
			buildActionMask = 2147483647;
			files = (
			);
			runOnlyForDeploymentPostprocessing = 0;
		};
/* End PBXFrameworksBuildPhase section */

/* Begin PBXGroup section */
		CA128EBE2A3B67D60076876D /* HomeScreen */ = {
			isa = PBXGroup;
			children = (
				CA128EBF2A3B67F70076876D /* HomeViewModel.swift */,
				CA128EC12A3B68080076876D /* HomeView.swift */,
			);
			path = HomeScreen;
			sourceTree = "<group>";
		};
		CA128EC32A3B6F300076876D /* DetailScreen */ = {
			isa = PBXGroup;
			children = (
				CA128EC42A3B6F530076876D /* DetailScreen.swift */,
				CA128EC62A3B77EC0076876D /* DetailViewModel.swift */,
				CA128ECA2A460E160076876D /* test.swift */,
			);
			path = DetailScreen;
			sourceTree = "<group>";
		};
		CA2272172A63CA5A00CEC8D9 /* UI */ = {
			isa = PBXGroup;
			children = (
				CA128EBE2A3B67D60076876D /* HomeScreen */,
				CA128EC32A3B6F300076876D /* DetailScreen */,
			);
			path = UI;
			sourceTree = "<group>";
		};
		CA2272182A63CA7100CEC8D9 /* Services */ = {
			isa = PBXGroup;
			children = (
				CA22721B2A63CEE900CEC8D9 /* Models */,
				CA2272192A63CA8700CEC8D9 /* NetworkService.swift */,
			);
			path = Services;
			sourceTree = "<group>";
		};
		CA22721B2A63CEE900CEC8D9 /* Models */ = {
			isa = PBXGroup;
			children = (
				CA22721C2A63CF0300CEC8D9 /* ImageDTO.swift */,
			);
			path = Models;
			sourceTree = "<group>";
		};
		CA9FF7BC2A3B504C00F34CD0 = {
			isa = PBXGroup;
			children = (
				CA9FF7C72A3B504D00F34CD0 /* PhotoViewer */,
				CA9FF7D82A3B504F00F34CD0 /* PhotoViewerTests */,
				CA9FF7E22A3B504F00F34CD0 /* PhotoViewerUITests */,
				CA9FF7C62A3B504D00F34CD0 /* Products */,
			);
			sourceTree = "<group>";
		};
		CA9FF7C62A3B504D00F34CD0 /* Products */ = {
			isa = PBXGroup;
			children = (
				CA9FF7C52A3B504D00F34CD0 /* PhotoViewer.app */,
				CA9FF7D52A3B504F00F34CD0 /* PhotoViewerTests.xctest */,
				CA9FF7DF2A3B504F00F34CD0 /* PhotoViewerUITests.xctest */,
			);
			name = Products;
			sourceTree = "<group>";
		};
		CA9FF7C72A3B504D00F34CD0 /* PhotoViewer */ = {
			isa = PBXGroup;
			children = (
				CA2272182A63CA7100CEC8D9 /* Services */,
				CA2272172A63CA5A00CEC8D9 /* UI */,
				CA9FF7C82A3B504D00F34CD0 /* PhotoViewerApp.swift */,
				CA9FF7CC2A3B504E00F34CD0 /* Assets.xcassets */,
				CA9FF7CE2A3B504E00F34CD0 /* Preview Content */,
			);
			path = PhotoViewer;
			sourceTree = "<group>";
		};
		CA9FF7CE2A3B504E00F34CD0 /* Preview Content */ = {
			isa = PBXGroup;
			children = (
				CA9FF7CF2A3B504E00F34CD0 /* Preview Assets.xcassets */,
			);
			path = "Preview Content";
			sourceTree = "<group>";
		};
		CA9FF7D82A3B504F00F34CD0 /* PhotoViewerTests */ = {
			isa = PBXGroup;
			children = (
				CA9FF7D92A3B504F00F34CD0 /* PhotoViewerTests.swift */,
			);
			path = PhotoViewerTests;
			sourceTree = "<group>";
		};
		CA9FF7E22A3B504F00F34CD0 /* PhotoViewerUITests */ = {
			isa = PBXGroup;
			children = (
				CA9FF7E32A3B504F00F34CD0 /* PhotoViewerUITests.swift */,
				CA9FF7E52A3B504F00F34CD0 /* PhotoViewerUITestsLaunchTests.swift */,
			);
			path = PhotoViewerUITests;
			sourceTree = "<group>";
		};
/* End PBXGroup section */

/* Begin PBXNativeTarget section */
		CA9FF7C42A3B504D00F34CD0 /* PhotoViewer */ = {
			isa = PBXNativeTarget;
			buildConfigurationList = CA9FF7E92A3B504F00F34CD0 /* Build configuration list for PBXNativeTarget "PhotoViewer" */;
			buildPhases = (
				CA9FF7C12A3B504D00F34CD0 /* Sources */,
				CA9FF7C22A3B504D00F34CD0 /* Frameworks */,
				CA9FF7C32A3B504D00F34CD0 /* Resources */,
			);
			buildRules = (
			);
			dependencies = (
			);
			name = PhotoViewer;
			productName = PhotoViewer;
			productReference = CA9FF7C52A3B504D00F34CD0 /* PhotoViewer.app */;
			productType = "com.apple.product-type.application";
		};
		CA9FF7D42A3B504F00F34CD0 /* PhotoViewerTests */ = {
			isa = PBXNativeTarget;
			buildConfigurationList = CA9FF7EC2A3B504F00F34CD0 /* Build configuration list for PBXNativeTarget "PhotoViewerTests" */;
			buildPhases = (
				CA9FF7D12A3B504F00F34CD0 /* Sources */,
				CA9FF7D22A3B504F00F34CD0 /* Frameworks */,
				CA9FF7D32A3B504F00F34CD0 /* Resources */,
			);
			buildRules = (
			);
			dependencies = (
				CA9FF7D72A3B504F00F34CD0 /* PBXTargetDependency */,
			);
			name = PhotoViewerTests;
			productName = PhotoViewerTests;
			productReference = CA9FF7D52A3B504F00F34CD0 /* PhotoViewerTests.xctest */;
			productType = "com.apple.product-type.bundle.unit-test";
		};
		CA9FF7DE2A3B504F00F34CD0 /* PhotoViewerUITests */ = {
			isa = PBXNativeTarget;
			buildConfigurationList = CA9FF7EF2A3B504F00F34CD0 /* Build configuration list for PBXNativeTarget "PhotoViewerUITests" */;
			buildPhases = (
				CA9FF7DB2A3B504F00F34CD0 /* Sources */,
				CA9FF7DC2A3B504F00F34CD0 /* Frameworks */,
				CA9FF7DD2A3B504F00F34CD0 /* Resources */,
			);
			buildRules = (
			);
			dependencies = (
				CA9FF7E12A3B504F00F34CD0 /* PBXTargetDependency */,
			);
			name = PhotoViewerUITests;
			productName = PhotoViewerUITests;
			productReference = CA9FF7DF2A3B504F00F34CD0 /* PhotoViewerUITests.xctest */;
			productType = "com.apple.product-type.bundle.ui-testing";
		};
/* End PBXNativeTarget section */

/* Begin PBXProject section */
		CA9FF7BD2A3B504D00F34CD0 /* Project object */ = {
			isa = PBXProject;
			attributes = {
				BuildIndependentTargetsInParallel = 1;
				LastSwiftUpdateCheck = 1420;
				LastUpgradeCheck = 1420;
				TargetAttributes = {
					CA9FF7C42A3B504D00F34CD0 = {
						CreatedOnToolsVersion = 14.2;
					};
					CA9FF7D42A3B504F00F34CD0 = {
						CreatedOnToolsVersion = 14.2;
						TestTargetID = CA9FF7C42A3B504D00F34CD0;
					};
					CA9FF7DE2A3B504F00F34CD0 = {
						CreatedOnToolsVersion = 14.2;
						TestTargetID = CA9FF7C42A3B504D00F34CD0;
					};
				};
			};
			buildConfigurationList = CA9FF7C02A3B504D00F34CD0 /* Build configuration list for PBXProject "PhotoViewer" */;
			compatibilityVersion = "Xcode 14.0";
			developmentRegion = en;
			hasScannedForEncodings = 0;
			knownRegions = (
				en,
				Base,
			);
			mainGroup = CA9FF7BC2A3B504C00F34CD0;
			productRefGroup = CA9FF7C62A3B504D00F34CD0 /* Products */;
			projectDirPath = "";
			projectRoot = "";
			targets = (
				CA9FF7C42A3B504D00F34CD0 /* PhotoViewer */,
				CA9FF7D42A3B504F00F34CD0 /* PhotoViewerTests */,
				CA9FF7DE2A3B504F00F34CD0 /* PhotoViewerUITests */,
			);
		};
/* End PBXProject section */

/* Begin PBXResourcesBuildPhase section */
		CA9FF7C32A3B504D00F34CD0 /* Resources */ = {
			isa = PBXResourcesBuildPhase;
			buildActionMask = 2147483647;
			files = (
				CA9FF7D02A3B504E00F34CD0 /* Preview Assets.xcassets in Resources */,
				CA9FF7CD2A3B504E00F34CD0 /* Assets.xcassets in Resources */,
			);
			runOnlyForDeploymentPostprocessing = 0;
		};
		CA9FF7D32A3B504F00F34CD0 /* Resources */ = {
			isa = PBXResourcesBuildPhase;
			buildActionMask = 2147483647;
			files = (
			);
			runOnlyForDeploymentPostprocessing = 0;
		};
		CA9FF7DD2A3B504F00F34CD0 /* Resources */ = {
			isa = PBXResourcesBuildPhase;
			buildActionMask = 2147483647;
			files = (
			);
			runOnlyForDeploymentPostprocessing = 0;
		};
/* End PBXResourcesBuildPhase section */

/* Begin PBXSourcesBuildPhase section */
		CA9FF7C12A3B504D00F34CD0 /* Sources */ = {
			isa = PBXSourcesBuildPhase;
			buildActionMask = 2147483647;
			files = (
				CA128EC52A3B6F530076876D /* DetailScreen.swift in Sources */,
				CA128ECB2A460E160076876D /* test.swift in Sources */,
				CA128EC72A3B77EC0076876D /* DetailViewModel.swift in Sources */,
				CA22721D2A63CF0300CEC8D9 /* ImageDTO.swift in Sources */,
				CA128EC22A3B68080076876D /* HomeView.swift in Sources */,
				CA128EC02A3B67F70076876D /* HomeViewModel.swift in Sources */,
				CA9FF7C92A3B504D00F34CD0 /* PhotoViewerApp.swift in Sources */,
				CA22721A2A63CA8700CEC8D9 /* NetworkService.swift in Sources */,
			);
			runOnlyForDeploymentPostprocessing = 0;
		};
		CA9FF7D12A3B504F00F34CD0 /* Sources */ = {
			isa = PBXSourcesBuildPhase;
			buildActionMask = 2147483647;
			files = (
				CA9FF7DA2A3B504F00F34CD0 /* PhotoViewerTests.swift in Sources */,
			);
			runOnlyForDeploymentPostprocessing = 0;
		};
		CA9FF7DB2A3B504F00F34CD0 /* Sources */ = {
			isa = PBXSourcesBuildPhase;
			buildActionMask = 2147483647;
			files = (
				CA9FF7E42A3B504F00F34CD0 /* PhotoViewerUITests.swift in Sources */,
				CA9FF7E62A3B504F00F34CD0 /* PhotoViewerUITestsLaunchTests.swift in Sources */,
			);
			runOnlyForDeploymentPostprocessing = 0;
		};
/* End PBXSourcesBuildPhase section */

/* Begin PBXTargetDependency section */
		CA9FF7D72A3B504F00F34CD0 /* PBXTargetDependency */ = {
			isa = PBXTargetDependency;
			target = CA9FF7C42A3B504D00F34CD0 /* PhotoViewer */;
			targetProxy = CA9FF7D62A3B504F00F34CD0 /* PBXContainerItemProxy */;
		};
		CA9FF7E12A3B504F00F34CD0 /* PBXTargetDependency */ = {
			isa = PBXTargetDependency;
			target = CA9FF7C42A3B504D00F34CD0 /* PhotoViewer */;
			targetProxy = CA9FF7E02A3B504F00F34CD0 /* PBXContainerItemProxy */;
		};
/* End PBXTargetDependency section */

/* Begin XCBuildConfiguration section */
		CA9FF7E72A3B504F00F34CD0 /* Debug */ = {
			isa = XCBuildConfiguration;
			buildSettings = {
				ALWAYS_SEARCH_USER_PATHS = NO;
				CLANG_ANALYZER_NONNULL = YES;
				CLANG_ANALYZER_NUMBER_OBJECT_CONVERSION = YES_AGGRESSIVE;
				CLANG_CXX_LANGUAGE_STANDARD = "gnu++20";
				CLANG_ENABLE_MODULES = YES;
				CLANG_ENABLE_OBJC_ARC = YES;
				CLANG_ENABLE_OBJC_WEAK = YES;
				CLANG_WARN_BLOCK_CAPTURE_AUTORELEASING = YES;
				CLANG_WARN_BOOL_CONVERSION = YES;
				CLANG_WARN_COMMA = YES;
				CLANG_WARN_CONSTANT_CONVERSION = YES;
				CLANG_WARN_DEPRECATED_OBJC_IMPLEMENTATIONS = YES;
				CLANG_WARN_DIRECT_OBJC_ISA_USAGE = YES_ERROR;
				CLANG_WARN_DOCUMENTATION_COMMENTS = YES;
				CLANG_WARN_EMPTY_BODY = YES;
				CLANG_WARN_ENUM_CONVERSION = YES;
				CLANG_WARN_INFINITE_RECURSION = YES;
				CLANG_WARN_INT_CONVERSION = YES;
				CLANG_WARN_NON_LITERAL_NULL_CONVERSION = YES;
				CLANG_WARN_OBJC_IMPLICIT_RETAIN_SELF = YES;
				CLANG_WARN_OBJC_LITERAL_CONVERSION = YES;
				CLANG_WARN_OBJC_ROOT_CLASS = YES_ERROR;
				CLANG_WARN_QUOTED_INCLUDE_IN_FRAMEWORK_HEADER = YES;
				CLANG_WARN_RANGE_LOOP_ANALYSIS = YES;
				CLANG_WARN_STRICT_PROTOTYPES = YES;
				CLANG_WARN_SUSPICIOUS_MOVE = YES;
				CLANG_WARN_UNGUARDED_AVAILABILITY = YES_AGGRESSIVE;
				CLANG_WARN_UNREACHABLE_CODE = YES;
				CLANG_WARN__DUPLICATE_METHOD_MATCH = YES;
				COPY_PHASE_STRIP = NO;
				DEBUG_INFORMATION_FORMAT = dwarf;
				ENABLE_STRICT_OBJC_MSGSEND = YES;
				ENABLE_TESTABILITY = YES;
				GCC_C_LANGUAGE_STANDARD = gnu11;
				GCC_DYNAMIC_NO_PIC = NO;
				GCC_NO_COMMON_BLOCKS = YES;
				GCC_OPTIMIZATION_LEVEL = 0;
				GCC_PREPROCESSOR_DEFINITIONS = (
					"DEBUG=1",
					"$(inherited)",
				);
				GCC_WARN_64_TO_32_BIT_CONVERSION = YES;
				GCC_WARN_ABOUT_RETURN_TYPE = YES_ERROR;
				GCC_WARN_UNDECLARED_SELECTOR = YES;
				GCC_WARN_UNINITIALIZED_AUTOS = YES_AGGRESSIVE;
				GCC_WARN_UNUSED_FUNCTION = YES;
				GCC_WARN_UNUSED_VARIABLE = YES;
				IPHONEOS_DEPLOYMENT_TARGET = 16.2;
				MTL_ENABLE_DEBUG_INFO = INCLUDE_SOURCE;
				MTL_FAST_MATH = YES;
				ONLY_ACTIVE_ARCH = YES;
				SDKROOT = iphoneos;
				SWIFT_ACTIVE_COMPILATION_CONDITIONS = DEBUG;
				SWIFT_OPTIMIZATION_LEVEL = "-Onone";
			};
			name = Debug;
		};
		CA9FF7E82A3B504F00F34CD0 /* Release */ = {
			isa = XCBuildConfiguration;
			buildSettings = {
				ALWAYS_SEARCH_USER_PATHS = NO;
				CLANG_ANALYZER_NONNULL = YES;
				CLANG_ANALYZER_NUMBER_OBJECT_CONVERSION = YES_AGGRESSIVE;
				CLANG_CXX_LANGUAGE_STANDARD = "gnu++20";
				CLANG_ENABLE_MODULES = YES;
				CLANG_ENABLE_OBJC_ARC = YES;
				CLANG_ENABLE_OBJC_WEAK = YES;
				CLANG_WARN_BLOCK_CAPTURE_AUTORELEASING = YES;
				CLANG_WARN_BOOL_CONVERSION = YES;
				CLANG_WARN_COMMA = YES;
				CLANG_WARN_CONSTANT_CONVERSION = YES;
				CLANG_WARN_DEPRECATED_OBJC_IMPLEMENTATIONS = YES;
				CLANG_WARN_DIRECT_OBJC_ISA_USAGE = YES_ERROR;
				CLANG_WARN_DOCUMENTATION_COMMENTS = YES;
				CLANG_WARN_EMPTY_BODY = YES;
				CLANG_WARN_ENUM_CONVERSION = YES;
				CLANG_WARN_INFINITE_RECURSION = YES;
				CLANG_WARN_INT_CONVERSION = YES;
				CLANG_WARN_NON_LITERAL_NULL_CONVERSION = YES;
				CLANG_WARN_OBJC_IMPLICIT_RETAIN_SELF = YES;
				CLANG_WARN_OBJC_LITERAL_CONVERSION = YES;
				CLANG_WARN_OBJC_ROOT_CLASS = YES_ERROR;
				CLANG_WARN_QUOTED_INCLUDE_IN_FRAMEWORK_HEADER = YES;
				CLANG_WARN_RANGE_LOOP_ANALYSIS = YES;
				CLANG_WARN_STRICT_PROTOTYPES = YES;
				CLANG_WARN_SUSPICIOUS_MOVE = YES;
				CLANG_WARN_UNGUARDED_AVAILABILITY = YES_AGGRESSIVE;
				CLANG_WARN_UNREACHABLE_CODE = YES;
				CLANG_WARN__DUPLICATE_METHOD_MATCH = YES;
				COPY_PHASE_STRIP = NO;
				DEBUG_INFORMATION_FORMAT = "dwarf-with-dsym";
				ENABLE_NS_ASSERTIONS = NO;
				ENABLE_STRICT_OBJC_MSGSEND = YES;
				GCC_C_LANGUAGE_STANDARD = gnu11;
				GCC_NO_COMMON_BLOCKS = YES;
				GCC_WARN_64_TO_32_BIT_CONVERSION = YES;
				GCC_WARN_ABOUT_RETURN_TYPE = YES_ERROR;
				GCC_WARN_UNDECLARED_SELECTOR = YES;
				GCC_WARN_UNINITIALIZED_AUTOS = YES_AGGRESSIVE;
				GCC_WARN_UNUSED_FUNCTION = YES;
				GCC_WARN_UNUSED_VARIABLE = YES;
				IPHONEOS_DEPLOYMENT_TARGET = 16.2;
				MTL_ENABLE_DEBUG_INFO = NO;
				MTL_FAST_MATH = YES;
				SDKROOT = iphoneos;
				SWIFT_COMPILATION_MODE = wholemodule;
				SWIFT_OPTIMIZATION_LEVEL = "-O";
				VALIDATE_PRODUCT = YES;
			};
			name = Release;
		};
		CA9FF7EA2A3B504F00F34CD0 /* Debug */ = {
			isa = XCBuildConfiguration;
			buildSettings = {
				ASSETCATALOG_COMPILER_APPICON_NAME = AppIcon;
				ASSETCATALOG_COMPILER_GLOBAL_ACCENT_COLOR_NAME = AccentColor;
				CODE_SIGN_STYLE = Automatic;
				CURRENT_PROJECT_VERSION = 1;
				DEVELOPMENT_ASSET_PATHS = "\"PhotoViewer/Preview Content\"";
				DEVELOPMENT_TEAM = 8DXP7MY767;
				ENABLE_PREVIEWS = YES;
				GENERATE_INFOPLIST_FILE = YES;
				INFOPLIST_KEY_UIApplicationSceneManifest_Generation = YES;
				INFOPLIST_KEY_UIApplicationSupportsIndirectInputEvents = YES;
				INFOPLIST_KEY_UILaunchScreen_Generation = YES;
				INFOPLIST_KEY_UISupportedInterfaceOrientations_iPad = "UIInterfaceOrientationPortrait UIInterfaceOrientationPortraitUpsideDown UIInterfaceOrientationLandscapeLeft UIInterfaceOrientationLandscapeRight";
				INFOPLIST_KEY_UISupportedInterfaceOrientations_iPhone = "UIInterfaceOrientationPortrait UIInterfaceOrientationLandscapeLeft UIInterfaceOrientationLandscapeRight";
				LD_RUNPATH_SEARCH_PATHS = (
					"$(inherited)",
					"@executable_path/Frameworks",
				);
				MARKETING_VERSION = 1.0;
				PRODUCT_BUNDLE_IDENTIFIER = AM.PhotoViewer;
				PRODUCT_NAME = "$(TARGET_NAME)";
				SWIFT_EMIT_LOC_STRINGS = YES;
				SWIFT_VERSION = 5.0;
				TARGETED_DEVICE_FAMILY = "1,2";
			};
			name = Debug;
		};
		CA9FF7EB2A3B504F00F34CD0 /* Release */ = {
			isa = XCBuildConfiguration;
			buildSettings = {
				ASSETCATALOG_COMPILER_APPICON_NAME = AppIcon;
				ASSETCATALOG_COMPILER_GLOBAL_ACCENT_COLOR_NAME = AccentColor;
				CODE_SIGN_STYLE = Automatic;
				CURRENT_PROJECT_VERSION = 1;
				DEVELOPMENT_ASSET_PATHS = "\"PhotoViewer/Preview Content\"";
				DEVELOPMENT_TEAM = 8DXP7MY767;
				ENABLE_PREVIEWS = YES;
				GENERATE_INFOPLIST_FILE = YES;
				INFOPLIST_KEY_UIApplicationSceneManifest_Generation = YES;
				INFOPLIST_KEY_UIApplicationSupportsIndirectInputEvents = YES;
				INFOPLIST_KEY_UILaunchScreen_Generation = YES;
				INFOPLIST_KEY_UISupportedInterfaceOrientations_iPad = "UIInterfaceOrientationPortrait UIInterfaceOrientationPortraitUpsideDown UIInterfaceOrientationLandscapeLeft UIInterfaceOrientationLandscapeRight";
				INFOPLIST_KEY_UISupportedInterfaceOrientations_iPhone = "UIInterfaceOrientationPortrait UIInterfaceOrientationLandscapeLeft UIInterfaceOrientationLandscapeRight";
				LD_RUNPATH_SEARCH_PATHS = (
					"$(inherited)",
					"@executable_path/Frameworks",
				);
				MARKETING_VERSION = 1.0;
				PRODUCT_BUNDLE_IDENTIFIER = AM.PhotoViewer;
				PRODUCT_NAME = "$(TARGET_NAME)";
				SWIFT_EMIT_LOC_STRINGS = YES;
				SWIFT_VERSION = 5.0;
				TARGETED_DEVICE_FAMILY = "1,2";
			};
			name = Release;
		};
		CA9FF7ED2A3B504F00F34CD0 /* Debug */ = {
			isa = XCBuildConfiguration;
			buildSettings = {
				ALWAYS_EMBED_SWIFT_STANDARD_LIBRARIES = YES;
				BUNDLE_LOADER = "$(TEST_HOST)";
				CODE_SIGN_STYLE = Automatic;
				CURRENT_PROJECT_VERSION = 1;
				DEVELOPMENT_TEAM = 8DXP7MY767;
				GENERATE_INFOPLIST_FILE = YES;
				IPHONEOS_DEPLOYMENT_TARGET = 16.2;
				MARKETING_VERSION = 1.0;
				PRODUCT_BUNDLE_IDENTIFIER = AM.PhotoViewerTests;
				PRODUCT_NAME = "$(TARGET_NAME)";
				SWIFT_EMIT_LOC_STRINGS = NO;
				SWIFT_VERSION = 5.0;
				TARGETED_DEVICE_FAMILY = "1,2";
				TEST_HOST = "$(BUILT_PRODUCTS_DIR)/PhotoViewer.app/$(BUNDLE_EXECUTABLE_FOLDER_PATH)/PhotoViewer";
			};
			name = Debug;
		};
		CA9FF7EE2A3B504F00F34CD0 /* Release */ = {
			isa = XCBuildConfiguration;
			buildSettings = {
				ALWAYS_EMBED_SWIFT_STANDARD_LIBRARIES = YES;
				BUNDLE_LOADER = "$(TEST_HOST)";
				CODE_SIGN_STYLE = Automatic;
				CURRENT_PROJECT_VERSION = 1;
				DEVELOPMENT_TEAM = 8DXP7MY767;
				GENERATE_INFOPLIST_FILE = YES;
				IPHONEOS_DEPLOYMENT_TARGET = 16.2;
				MARKETING_VERSION = 1.0;
				PRODUCT_BUNDLE_IDENTIFIER = AM.PhotoViewerTests;
				PRODUCT_NAME = "$(TARGET_NAME)";
				SWIFT_EMIT_LOC_STRINGS = NO;
				SWIFT_VERSION = 5.0;
				TARGETED_DEVICE_FAMILY = "1,2";
				TEST_HOST = "$(BUILT_PRODUCTS_DIR)/PhotoViewer.app/$(BUNDLE_EXECUTABLE_FOLDER_PATH)/PhotoViewer";
			};
			name = Release;
		};
		CA9FF7F02A3B504F00F34CD0 /* Debug */ = {
			isa = XCBuildConfiguration;
			buildSettings = {
				ALWAYS_EMBED_SWIFT_STANDARD_LIBRARIES = YES;
				CODE_SIGN_STYLE = Automatic;
				CURRENT_PROJECT_VERSION = 1;
				DEVELOPMENT_TEAM = 8DXP7MY767;
				GENERATE_INFOPLIST_FILE = YES;
				MARKETING_VERSION = 1.0;
				PRODUCT_BUNDLE_IDENTIFIER = AM.PhotoViewerUITests;
				PRODUCT_NAME = "$(TARGET_NAME)";
				SWIFT_EMIT_LOC_STRINGS = NO;
				SWIFT_VERSION = 5.0;
				TARGETED_DEVICE_FAMILY = "1,2";
				TEST_TARGET_NAME = PhotoViewer;
			};
			name = Debug;
		};
		CA9FF7F12A3B504F00F34CD0 /* Release */ = {
			isa = XCBuildConfiguration;
			buildSettings = {
				ALWAYS_EMBED_SWIFT_STANDARD_LIBRARIES = YES;
				CODE_SIGN_STYLE = Automatic;
				CURRENT_PROJECT_VERSION = 1;
				DEVELOPMENT_TEAM = 8DXP7MY767;
				GENERATE_INFOPLIST_FILE = YES;
				MARKETING_VERSION = 1.0;
				PRODUCT_BUNDLE_IDENTIFIER = AM.PhotoViewerUITests;
				PRODUCT_NAME = "$(TARGET_NAME)";
				SWIFT_EMIT_LOC_STRINGS = NO;
				SWIFT_VERSION = 5.0;
				TARGETED_DEVICE_FAMILY = "1,2";
				TEST_TARGET_NAME = PhotoViewer;
			};
			name = Release;
		};
/* End XCBuildConfiguration section */

/* Begin XCConfigurationList section */
		CA9FF7C02A3B504D00F34CD0 /* Build configuration list for PBXProject "PhotoViewer" */ = {
			isa = XCConfigurationList;
			buildConfigurations = (
				CA9FF7E72A3B504F00F34CD0 /* Debug */,
				CA9FF7E82A3B504F00F34CD0 /* Release */,
			);
			defaultConfigurationIsVisible = 0;
			defaultConfigurationName = Release;
		};
		CA9FF7E92A3B504F00F34CD0 /* Build configuration list for PBXNativeTarget "PhotoViewer" */ = {
			isa = XCConfigurationList;
			buildConfigurations = (
				CA9FF7EA2A3B504F00F34CD0 /* Debug */,
				CA9FF7EB2A3B504F00F34CD0 /* Release */,
			);
			defaultConfigurationIsVisible = 0;
			defaultConfigurationName = Release;
		};
		CA9FF7EC2A3B504F00F34CD0 /* Build configuration list for PBXNativeTarget "PhotoViewerTests" */ = {
			isa = XCConfigurationList;
			buildConfigurations = (
				CA9FF7ED2A3B504F00F34CD0 /* Debug */,
				CA9FF7EE2A3B504F00F34CD0 /* Release */,
			);
			defaultConfigurationIsVisible = 0;
			defaultConfigurationName = Release;
		};
		CA9FF7EF2A3B504F00F34CD0 /* Build configuration list for PBXNativeTarget "PhotoViewerUITests" */ = {
			isa = XCConfigurationList;
			buildConfigurations = (
				CA9FF7F02A3B504F00F34CD0 /* Debug */,
				CA9FF7F12A3B504F00F34CD0 /* Release */,
			);
			defaultConfigurationIsVisible = 0;
			defaultConfigurationName = Release;
		};
/* End XCConfigurationList section */
	};
	rootObject = CA9FF7BD2A3B504D00F34CD0 /* Project object */;
}
